
Microsoft Visual Studio Solution File, Format Version 12.00
# Visual Studio Version 16
VisualStudioVersion = 16.0.31624.102
MinimumVisualStudioVersion = 10.0.40219.1
Project("{FAE04EC0-301F-11D3-BF4B-00C04F79EFBC}") = "cond2904", "cond2904\cond2904.csproj", "{23953E6F-410B-4B68-885B-3C664908CB75}"
EndProject
Global
	GlobalSection(SolutionConfigurationPlatforms) = preSolution
		Debug|Any CPU = Debug|Any CPU
		Release|Any CPU = Release|Any CPU
	EndGlobalSection
	GlobalSection(ProjectConfigurationPlatforms) = postSolution
		{23953E6F-410B-4B68-885B-3C664908CB75}.Debug|Any CPU.ActiveCfg = Debug|Any CPU
		{23953E6F-410B-4B68-885B-3C664908CB75}.Debug|Any CPU.Build.0 = Debug|Any CPU
		{23953E6F-410B-4B68-885B-3C664908CB75}.Release|Any CPU.ActiveCfg = Release|Any CPU
		{23953E6F-410B-4B68-885B-3C664908CB75}.Release|Any CPU.Build.0 = Release|Any CPU
	EndGlobalSection
	GlobalSection(SolutionProperties) = preSolution
		HideSolutionNode = FALSE
	EndGlobalSection
	GlobalSection(ExtensibilityGlobals) = postSolution
		SolutionGuid = {EE36A4F9-A861-4C11-9108-4A91F29E12C7}
	EndGlobalSection
EndGlobal
